// !$*UTF8*$!
{
	archiveVersion = 1;
	classes = {
	};
	objectVersion = 46;
	objects = {

/* Begin PBXBuildFile section */
		8B0088421E8417CF002013E5 /* Champ+CoreDataClass.swift in Sources */ = {isa = PBXBuildFile; fileRef = 8B00883C1E8417CF002013E5 /* Champ+CoreDataClass.swift */; };
		8B0088431E8417CF002013E5 /* Champ+CoreDataProperties.swift in Sources */ = {isa = PBXBuildFile; fileRef = 8B00883D1E8417CF002013E5 /* Champ+CoreDataProperties.swift */; };
		8B0088441E8417CF002013E5 /* Type+CoreDataClass.swift in Sources */ = {isa = PBXBuildFile; fileRef = 8B00883E1E8417CF002013E5 /* Type+CoreDataClass.swift */; };
		8B0088451E8417CF002013E5 /* Type+CoreDataProperties.swift in Sources */ = {isa = PBXBuildFile; fileRef = 8B00883F1E8417CF002013E5 /* Type+CoreDataProperties.swift */; };
		8B0088461E8417CF002013E5 /* Form+CoreDataClass.swift in Sources */ = {isa = PBXBuildFile; fileRef = 8B0088401E8417CF002013E5 /* Form+CoreDataClass.swift */; };
		8B0088471E8417CF002013E5 /* Form+CoreDataProperties.swift in Sources */ = {isa = PBXBuildFile; fileRef = 8B0088411E8417CF002013E5 /* Form+CoreDataProperties.swift */; };
		8B40B8661E7C217F00F830F6 /* PrototypeTableViewCell.swift in Sources */ = {isa = PBXBuildFile; fileRef = 8B40B8651E7C217F00F830F6 /* PrototypeTableViewCell.swift */; };
		8BB521311E7BE04D00E2D9C0 /* CreatorForm_TableViewController.swift in Sources */ = {isa = PBXBuildFile; fileRef = 8BB521301E7BE04D00E2D9C0 /* CreatorForm_TableViewController.swift */; };
		8BFEE6121E7ACCDB00259EFE /* AppDelegate.swift in Sources */ = {isa = PBXBuildFile; fileRef = 8BFEE6111E7ACCDB00259EFE /* AppDelegate.swift */; };
		8BFEE6141E7ACCDB00259EFE /* ViewController.swift in Sources */ = {isa = PBXBuildFile; fileRef = 8BFEE6131E7ACCDB00259EFE /* ViewController.swift */; };
		8BFEE6171E7ACCDB00259EFE /* Main.storyboard in Resources */ = {isa = PBXBuildFile; fileRef = 8BFEE6151E7ACCDB00259EFE /* Main.storyboard */; };
		8BFEE61A1E7ACCDB00259EFE /* DynamiqueForm.xcdatamodeld in Sources */ = {isa = PBXBuildFile; fileRef = 8BFEE6181E7ACCDB00259EFE /* DynamiqueForm.xcdatamodeld */; };
		8BFEE61C1E7ACCDB00259EFE /* Assets.xcassets in Resources */ = {isa = PBXBuildFile; fileRef = 8BFEE61B1E7ACCDB00259EFE /* Assets.xcassets */; };
		8BFEE61F1E7ACCDB00259EFE /* LaunchScreen.storyboard in Resources */ = {isa = PBXBuildFile; fileRef = 8BFEE61D1E7ACCDB00259EFE /* LaunchScreen.storyboard */; };
/* End PBXBuildFile section */

/* Begin PBXFileReference section */
		8B00883C1E8417CF002013E5 /* Champ+CoreDataClass.swift */ = {isa = PBXFileReference; fileEncoding = 4; lastKnownFileType = sourcecode.swift; path = "Champ+CoreDataClass.swift"; sourceTree = "<group>"; };
		8B00883D1E8417CF002013E5 /* Champ+CoreDataProperties.swift */ = {isa = PBXFileReference; fileEncoding = 4; lastKnownFileType = sourcecode.swift; path = "Champ+CoreDataProperties.swift"; sourceTree = "<group>"; };
		8B00883E1E8417CF002013E5 /* Type+CoreDataClass.swift */ = {isa = PBXFileReference; fileEncoding = 4; lastKnownFileType = sourcecode.swift; path = "Type+CoreDataClass.swift"; sourceTree = "<group>"; };
		8B00883F1E8417CF002013E5 /* Type+CoreDataProperties.swift */ = {isa = PBXFileReference; fileEncoding = 4; lastKnownFileType = sourcecode.swift; path = "Type+CoreDataProperties.swift"; sourceTree = "<group>"; };
		8B0088401E8417CF002013E5 /* Form+CoreDataClass.swift */ = {isa = PBXFileReference; fileEncoding = 4; lastKnownFileType = sourcecode.swift; path = "Form+CoreDataClass.swift"; sourceTree = "<group>"; };
		8B0088411E8417CF002013E5 /* Form+CoreDataProperties.swift */ = {isa = PBXFileReference; fileEncoding = 4; lastKnownFileType = sourcecode.swift; path = "Form+CoreDataProperties.swift"; sourceTree = "<group>"; };
		8B40B8651E7C217F00F830F6 /* PrototypeTableViewCell.swift */ = {isa = PBXFileReference; fileEncoding = 4; lastKnownFileType = sourcecode.swift; path = PrototypeTableViewCell.swift; sourceTree = "<group>"; };
		8BB521301E7BE04D00E2D9C0 /* CreatorForm_TableViewController.swift */ = {isa = PBXFileReference; fileEncoding = 4; lastKnownFileType = sourcecode.swift; path = CreatorForm_TableViewController.swift; sourceTree = "<group>"; };
		8BFEE60E1E7ACCDA00259EFE /* DynamiqueForm.app */ = {isa = PBXFileReference; explicitFileType = wrapper.application; includeInIndex = 0; path = DynamiqueForm.app; sourceTree = BUILT_PRODUCTS_DIR; };
		8BFEE6111E7ACCDB00259EFE /* AppDelegate.swift */ = {isa = PBXFileReference; lastKnownFileType = sourcecode.swift; path = AppDelegate.swift; sourceTree = "<group>"; };
		8BFEE6131E7ACCDB00259EFE /* ViewController.swift */ = {isa = PBXFileReference; lastKnownFileType = sourcecode.swift; path = ViewController.swift; sourceTree = "<group>"; };
		8BFEE6161E7ACCDB00259EFE /* Base */ = {isa = PBXFileReference; lastKnownFileType = file.storyboard; name = Base; path = Base.lproj/Main.storyboard; sourceTree = "<group>"; };
		8BFEE6191E7ACCDB00259EFE /* DynamiqueForm.xcdatamodel */ = {isa = PBXFileReference; lastKnownFileType = wrapper.xcdatamodel; path = DynamiqueForm.xcdatamodel; sourceTree = "<group>"; };
		8BFEE61B1E7ACCDB00259EFE /* Assets.xcassets */ = {isa = PBXFileReference; lastKnownFileType = folder.assetcatalog; path = Assets.xcassets; sourceTree = "<group>"; };
		8BFEE61E1E7ACCDB00259EFE /* Base */ = {isa = PBXFileReference; lastKnownFileType = file.storyboard; name = Base; path = Base.lproj/LaunchScreen.storyboard; sourceTree = "<group>"; };
		8BFEE6201E7ACCDB00259EFE /* Info.plist */ = {isa = PBXFileReference; lastKnownFileType = text.plist.xml; path = Info.plist; sourceTree = "<group>"; };
/* End PBXFileReference section */

/* Begin PBXFrameworksBuildPhase section */
		8BFEE60B1E7ACCDA00259EFE /* Frameworks */ = {
			isa = PBXFrameworksBuildPhase;
			buildActionMask = 2147483647;
			files = (
			);
			runOnlyForDeploymentPostprocessing = 0;
		};
/* End PBXFrameworksBuildPhase section */

/* Begin PBXGroup section */
		8BFEE6051E7ACCDA00259EFE = {
			isa = PBXGroup;
			children = (
				8BFEE6101E7ACCDB00259EFE /* DynamiqueForm */,
				8BFEE60F1E7ACCDA00259EFE /* Products */,
			);
			sourceTree = "<group>";
		};
		8BFEE60F1E7ACCDA00259EFE /* Products */ = {
			isa = PBXGroup;
			children = (
				8BFEE60E1E7ACCDA00259EFE /* DynamiqueForm.app */,
			);
			name = Products;
			sourceTree = "<group>";
		};
		8BFEE6101E7ACCDB00259EFE /* DynamiqueForm */ = {
			isa = PBXGroup;
			children = (
				8B00883C1E8417CF002013E5 /* Champ+CoreDataClass.swift */,
				8B00883D1E8417CF002013E5 /* Champ+CoreDataProperties.swift */,
				8B00883E1E8417CF002013E5 /* Type+CoreDataClass.swift */,
				8B00883F1E8417CF002013E5 /* Type+CoreDataProperties.swift */,
				8B0088401E8417CF002013E5 /* Form+CoreDataClass.swift */,
				8B0088411E8417CF002013E5 /* Form+CoreDataProperties.swift */,
				8BFEE6111E7ACCDB00259EFE /* AppDelegate.swift */,
				8BFEE6131E7ACCDB00259EFE /* ViewController.swift */,
				8BFEE6151E7ACCDB00259EFE /* Main.storyboard */,
				8BB521301E7BE04D00E2D9C0 /* CreatorForm_TableViewController.swift */,
				8B40B8651E7C217F00F830F6 /* PrototypeTableViewCell.swift */,
				8BFEE61B1E7ACCDB00259EFE /* Assets.xcassets */,
				8BFEE61D1E7ACCDB00259EFE /* LaunchScreen.storyboard */,
				8BFEE6201E7ACCDB00259EFE /* Info.plist */,
				8BFEE6181E7ACCDB00259EFE /* DynamiqueForm.xcdatamodeld */,
			);
			path = DynamiqueForm;
			sourceTree = "<group>";
		};
/* End PBXGroup section */

/* Begin PBXNativeTarget section */
		8BFEE60D1E7ACCDA00259EFE /* DynamiqueForm */ = {
			isa = PBXNativeTarget;
			buildConfigurationList = 8BFEE6231E7ACCDB00259EFE /* Build configuration list for PBXNativeTarget "DynamiqueForm" */;
			buildPhases = (
				8BFEE60A1E7ACCDA00259EFE /* Sources */,
				8BFEE60B1E7ACCDA00259EFE /* Frameworks */,
				8BFEE60C1E7ACCDA00259EFE /* Resources */,
			);
			buildRules = (
			);
			dependencies = (
			);
			name = DynamiqueForm;
			productName = DynamiqueForm;
			productReference = 8BFEE60E1E7ACCDA00259EFE /* DynamiqueForm.app */;
			productType = "com.apple.product-type.application";
		};
/* End PBXNativeTarget section */

/* Begin PBXProject section */
		8BFEE6061E7ACCDA00259EFE /* Project object */ = {
			isa = PBXProject;
			attributes = {
				LastSwiftUpdateCheck = 0800;
				LastUpgradeCheck = 0800;
				ORGANIZATIONNAME = Developer;
				TargetAttributes = {
					8BFEE60D1E7ACCDA00259EFE = {
						CreatedOnToolsVersion = 8.0;
						ProvisioningStyle = Automatic;
					};
				};
			};
			buildConfigurationList = 8BFEE6091E7ACCDA00259EFE /* Build configuration list for PBXProject "DynamiqueForm" */;
			compatibilityVersion = "Xcode 3.2";
			developmentRegion = English;
			hasScannedForEncodings = 0;
			knownRegions = (
				en,
				Base,
			);
			mainGroup = 8BFEE6051E7ACCDA00259EFE;
			productRefGroup = 8BFEE60F1E7ACCDA00259EFE /* Products */;
			projectDirPath = "";
			projectRoot = "";
			targets = (
				8BFEE60D1E7ACCDA00259EFE /* DynamiqueForm */,
			);
		};
/* End PBXProject section */

/* Begin PBXResourcesBuildPhase section */
		8BFEE60C1E7ACCDA00259EFE /* Resources */ = {
			isa = PBXResourcesBuildPhase;
			buildActionMask = 2147483647;
			files = (
				8BFEE61F1E7ACCDB00259EFE /* LaunchScreen.storyboard in Resources */,
				8BFEE61C1E7ACCDB00259EFE /* Assets.xcassets in Resources */,
				8BFEE6171E7ACCDB00259EFE /* Main.storyboard in Resources */,
			);
			runOnlyForDeploymentPostprocessing = 0;
		};
/* End PBXResourcesBuildPhase section */

/* Begin PBXSourcesBuildPhase section */
		8BFEE60A1E7ACCDA00259EFE /* Sources */ = {
			isa = PBXSourcesBuildPhase;
			buildActionMask = 2147483647;
			files = (
				8BFEE6141E7ACCDB00259EFE /* ViewController.swift in Sources */,
				8B0088441E8417CF002013E5 /* Type+CoreDataClass.swift in Sources */,
				8B0088471E8417CF002013E5 /* Form+CoreDataProperties.swift in Sources */,
				8B0088421E8417CF002013E5 /* Champ+CoreDataClass.swift in Sources */,
				8B0088451E8417CF002013E5 /* Type+CoreDataProperties.swift in Sources */,
				8BFEE6121E7ACCDB00259EFE /* AppDelegate.swift in Sources */,
				8BB521311E7BE04D00E2D9C0 /* CreatorForm_TableViewController.swift in Sources */,
				8BFEE61A1E7ACCDB00259EFE /* DynamiqueForm.xcdatamodeld in Sources */,
				8B0088461E8417CF002013E5 /* Form+CoreDataClass.swift in Sources */,
				8B0088431E8417CF002013E5 /* Champ+CoreDataProperties.swift in Sources */,
				8B40B8661E7C217F00F830F6 /* PrototypeTableViewCell.swift in Sources */,
			);
			runOnlyForDeploymentPostprocessing = 0;
		};
/* End PBXSourcesBuildPhase section */

/* Begin PBXVariantGroup section */
		8BFEE6151E7ACCDB00259EFE /* Main.storyboard */ = {
			isa = PBXVariantGroup;
			children = (
				8BFEE6161E7ACCDB00259EFE /* Base */,
			);
			name = Main.storyboard;
			sourceTree = "<group>";
		};
		8BFEE61D1E7ACCDB00259EFE /* LaunchScreen.storyboard */ = {
			isa = PBXVariantGroup;
			children = (
				8BFEE61E1E7ACCDB00259EFE /* Base */,
			);
			name = LaunchScreen.storyboard;
			sourceTree = "<group>";
		};
/* End PBXVariantGroup section */

/* Begin XCBuildConfiguration section */
		8BFEE6211E7ACCDB00259EFE /* Debug */ = {
			isa = XCBuildConfiguration;
			buildSettings = {
				ALWAYS_SEARCH_USER_PATHS = NO;
				CLANG_ANALYZER_NONNULL = YES;
				CLANG_CXX_LANGUAGE_STANDARD = "gnu++0x";
				CLANG_CXX_LIBRARY = "libc++";
				CLANG_ENABLE_MODULES = YES;
				CLANG_ENABLE_OBJC_ARC = YES;
				CLANG_WARN_BOOL_CONVERSION = YES;
				CLANG_WARN_CONSTANT_CONVERSION = YES;
				CLANG_WARN_DIRECT_OBJC_ISA_USAGE = YES_ERROR;
				CLANG_WARN_DOCUMENTATION_COMMENTS = YES;
				CLANG_WARN_EMPTY_BODY = YES;
				CLANG_WARN_ENUM_CONVERSION = YES;
				CLANG_WARN_INFINITE_RECURSION = YES;
				CLANG_WARN_INT_CONVERSION = YES;
				CLANG_WARN_OBJC_ROOT_CLASS = YES_ERROR;
				CLANG_WARN_SUSPICIOUS_MOVES = YES;
				CLANG_WARN_UNREACHABLE_CODE = YES;
				CLANG_WARN__DUPLICATE_METHOD_MATCH = YES;
				"CODE_SIGN_IDENTITY[sdk=iphoneos*]" = "iPhone Developer";
				COPY_PHASE_STRIP = NO;
				DEBUG_INFORMATION_FORMAT = dwarf;
				ENABLE_STRICT_OBJC_MSGSEND = YES;
				ENABLE_TESTABILITY = YES;
				GCC_C_LANGUAGE_STANDARD = gnu99;
				GCC_DYNAMIC_NO_PIC = NO;
				GCC_NO_COMMON_BLOCKS = YES;
				GCC_OPTIMIZATION_LEVEL = 0;
				GCC_PREPROCESSOR_DEFINITIONS = (
					"DEBUG=1",
					"$(inherited)",
				);
				GCC_WARN_64_TO_32_BIT_CONVERSION = YES;
				GCC_WARN_ABOUT_RETURN_TYPE = YES_ERROR;
				GCC_WARN_UNDECLARED_SELECTOR = YES;
				GCC_WARN_UNINITIALIZED_AUTOS = YES_AGGRESSIVE;
				GCC_WARN_UNUSED_FUNCTION = YES;
				GCC_WARN_UNUSED_VARIABLE = YES;
				IPHONEOS_DEPLOYMENT_TARGET = 10.0;
				MTL_ENABLE_DEBUG_INFO = YES;
				ONLY_ACTIVE_ARCH = YES;
				SDKROOT = iphoneos;
				SWIFT_ACTIVE_COMPILATION_CONDITIONS = DEBUG;
				SWIFT_OPTIMIZATION_LEVEL = "-Onone";
				TARGETED_DEVICE_FAMILY = "1,2";
			};
			name = Debug;
		};
		8BFEE6221E7ACCDB00259EFE /* Release */ = {
			isa = XCBuildConfiguration;
			buildSettings = {
				ALWAYS_SEARCH_USER_PATHS = NO;
				CLANG_ANALYZER_NONNULL = YES;
				CLANG_CXX_LANGUAGE_STANDARD = "gnu++0x";
				CLANG_CXX_LIBRARY = "libc++";
				CLANG_ENABLE_MODULES = YES;
				CLANG_ENABLE_OBJC_ARC = YES;
				CLANG_WARN_BOOL_CONVERSION = YES;
				CLANG_WARN_CONSTANT_CONVERSION = YES;
				CLANG_WARN_DIRECT_OBJC_ISA_USAGE = YES_ERROR;
				CLANG_WARN_DOCUMENTATION_COMMENTS = YES;
				CLANG_WARN_EMPTY_BODY = YES;
				CLANG_WARN_ENUM_CONVERSION = YES;
				CLANG_WARN_INFINITE_RECURSION = YES;
				CLANG_WARN_INT_CONVERSION = YES;
				CLANG_WARN_OBJC_ROOT_CLASS = YES_ERROR;
				CLANG_WARN_SUSPICIOUS_MOVES = YES;
				CLANG_WARN_UNREACHABLE_CODE = YES;
				CLANG_WARN__DUPLICATE_METHOD_MATCH = YES;
				"CODE_SIGN_IDENTITY[sdk=iphoneos*]" = "iPhone Developer";
				COPY_PHASE_STRIP = NO;
				DEBUG_INFORMATION_FORMAT = "dwarf-with-dsym";
				ENABLE_NS_ASSERTIONS = NO;
				ENABLE_STRICT_OBJC_MSGSEND = YES;
				GCC_C_LANGUAGE_STANDARD = gnu99;
				GCC_NO_COMMON_BLOCKS = YES;
				GCC_WARN_64_TO_32_BIT_CONVERSION = YES;
				GCC_WARN_ABOUT_RETURN_TYPE = YES_ERROR;
				GCC_WARN_UNDECLARED_SELECTOR = YES;
				GCC_WARN_UNINITIALIZED_AUTOS = YES_AGGRESSIVE;
				GCC_WARN_UNUSED_FUNCTION = YES;
				GCC_WARN_UNUSED_VARIABLE = YES;
				IPHONEOS_DEPLOYMENT_TARGET = 10.0;
				MTL_ENABLE_DEBUG_INFO = NO;
				SDKROOT = iphoneos;
				SWIFT_OPTIMIZATION_LEVEL = "-Owholemodule";
				TARGETED_DEVICE_FAMILY = "1,2";
				VALIDATE_PRODUCT = YES;
			};
			name = Release;
		};
		8BFEE6241E7ACCDB00259EFE /* Debug */ = {
			isa = XCBuildConfiguration;
			buildSettings = {
				ASSETCATALOG_COMPILER_APPICON_NAME = AppIcon;
				INFOPLIST_FILE = DynamiqueForm/Info.plist;
				LD_RUNPATH_SEARCH_PATHS = "$(inherited) @executable_path/Frameworks";
				PRODUCT_BUNDLE_IDENTIFIER = df.DynamiqueForm;
				PRODUCT_NAME = "$(TARGET_NAME)";
				SWIFT_VERSION = 3.0;
			};
			name = Debug;
		};
		8BFEE6251E7ACCDB00259EFE /* Release */ = {
			isa = XCBuildConfiguration;
			buildSettings = {
				ASSETCATALOG_COMPILER_APPICON_NAME = AppIcon;
				INFOPLIST_FILE = DynamiqueForm/Info.plist;
				LD_RUNPATH_SEARCH_PATHS = "$(inherited) @executable_path/Frameworks";
				PRODUCT_BUNDLE_IDENTIFIER = df.DynamiqueForm;
				PRODUCT_NAME = "$(TARGET_NAME)";
				SWIFT_VERSION = 3.0;
			};
			name = Release;
		};
/* End XCBuildConfiguration section */

/* Begin XCConfigurationList section */
		8BFEE6091E7ACCDA00259EFE /* Build configuration list for PBXProject "DynamiqueForm" */ = {
			isa = XCConfigurationList;
			buildConfigurations = (
				8BFEE6211E7ACCDB00259EFE /* Debug */,
				8BFEE6221E7ACCDB00259EFE /* Release */,
			);
			defaultConfigurationIsVisible = 0;
			defaultConfigurationName = Release;
		};
		8BFEE6231E7ACCDB00259EFE /* Build configuration list for PBXNativeTarget "DynamiqueForm" */ = {
			isa = XCConfigurationList;
			buildConfigurations = (
				8BFEE6241E7ACCDB00259EFE /* Debug */,
				8BFEE6251E7ACCDB00259EFE /* Release */,
			);
			defaultConfigurationIsVisible = 0;
			defaultConfigurationName = Release;
		};
/* End XCConfigurationList section */

/* Begin XCVersionGroup section */
		8BFEE6181E7ACCDB00259EFE /* DynamiqueForm.xcdatamodeld */ = {
			isa = XCVersionGroup;
			children = (
				8BFEE6191E7ACCDB00259EFE /* DynamiqueForm.xcdatamodel */,
			);
			currentVersion = 8BFEE6191E7ACCDB00259EFE /* DynamiqueForm.xcdatamodel */;
			path = DynamiqueForm.xcdatamodeld;
			sourceTree = "<group>";
			versionGroupType = wrapper.xcdatamodel;
		};
/* End XCVersionGroup section */
	};
	rootObject = 8BFEE6061E7ACCDA00259EFE /* Project object */;
}
